
Microsoft Visual Studio Solution File, Format Version 12.00
# Visual Studio Version 17
VisualStudioVersion = 17.0.31903.59
MinimumVisualStudioVersion = 10.0.40219.1
Project("{FAE04EC0-301F-11D3-BF4B-00C04F79EFBC}") = "EventWise.Api", "src\EventWise.Api\EventWise.Api.csproj", "{053692FB-EDB1-4AF1-8019-C67592DB0710}"
EndProject
Project("{FAE04EC0-301F-11D3-BF4B-00C04F79EFBC}") = "EventWise.Api.UnitTests", "test\EventWise.Api.UnitTests\EventWise.Api.UnitTests.csproj", "{0EF5DF51-9CB6-4AD2-9C6D-29C4EE55208F}"
EndProject
Project("{FAE04EC0-301F-11D3-BF4B-00C04F79EFBC}") = "EventWise.Api.FunctionalTests", "test\EventWise.Api.FunctionalTests\EventWise.Api.FunctionalTests.csproj", "{19A7589B-5238-40B0-87EF-D8595B752B04}"
EndProject
Project("{2150E333-8FDC-42A3-9474-1A3956D46DE8}") = "src", "src", "{A221A666-960C-4B62-B189-75A417E5C6D7}"
EndProject
Project("{2150E333-8FDC-42A3-9474-1A3956D46DE8}") = "test", "test", "{CEC0B11B-6DF3-4D92-ADB2-72FF7F734E60}"
EndProject
Global
	GlobalSection(SolutionConfigurationPlatforms) = preSolution
		Debug|Any CPU = Debug|Any CPU
		Release|Any CPU = Release|Any CPU
	EndGlobalSection
	GlobalSection(ProjectConfigurationPlatforms) = postSolution
		{053692FB-EDB1-4AF1-8019-C67592DB0710}.Debug|Any CPU.ActiveCfg = Debug|Any CPU
		{053692FB-EDB1-4AF1-8019-C67592DB0710}.Debug|Any CPU.Build.0 = Debug|Any CPU
		{053692FB-EDB1-4AF1-8019-C67592DB0710}.Release|Any CPU.ActiveCfg = Release|Any CPU
		{053692FB-EDB1-4AF1-8019-C67592DB0710}.Release|Any CPU.Build.0 = Release|Any CPU
		{0EF5DF51-9CB6-4AD2-9C6D-29C4EE55208F}.Debug|Any CPU.ActiveCfg = Debug|Any CPU
		{0EF5DF51-9CB6-4AD2-9C6D-29C4EE55208F}.Debug|Any CPU.Build.0 = Debug|Any CPU
		{0EF5DF51-9CB6-4AD2-9C6D-29C4EE55208F}.Release|Any CPU.ActiveCfg = Release|Any CPU
		{0EF5DF51-9CB6-4AD2-9C6D-29C4EE55208F}.Release|Any CPU.Build.0 = Release|Any CPU
		{19A7589B-5238-40B0-87EF-D8595B752B04}.Debug|Any CPU.ActiveCfg = Debug|Any CPU
		{19A7589B-5238-40B0-87EF-D8595B752B04}.Debug|Any CPU.Build.0 = Debug|Any CPU
		{19A7589B-5238-40B0-87EF-D8595B752B04}.Release|Any CPU.ActiveCfg = Release|Any CPU
		{19A7589B-5238-40B0-87EF-D8595B752B04}.Release|Any CPU.Build.0 = Release|Any CPU
	EndGlobalSection
	GlobalSection(SolutionProperties) = preSolution
		HideSolutionNode = FALSE
	EndGlobalSection
	GlobalSection(NestedProjects) = preSolution
		{053692FB-EDB1-4AF1-8019-C67592DB0710} = {A221A666-960C-4B62-B189-75A417E5C6D7}
		{0EF5DF51-9CB6-4AD2-9C6D-29C4EE55208F} = {CEC0B11B-6DF3-4D92-ADB2-72FF7F734E60}
		{19A7589B-5238-40B0-87EF-D8595B752B04} = {CEC0B11B-6DF3-4D92-ADB2-72FF7F734E60}
	EndGlobalSection
EndGlobal
